Microsoft Visual Studio Solution File, Format Version 12.00
# Visual Studio Version 17
VisualStudioVersion = 17.14.36930.0 d17.14
MinimumVisualStudioVersion = 10.0.40219.1
Project("{FAE04EC0-301F-11D3-BF4B-00C04F79EFBC}") = "Assembly-CSharp", "Assembly-CSharp.csproj", "{B3893A8B-E0B0-43F9-808E-85781BBE9DFF}"
EndProject
Global
	GlobalSection(SolutionConfigurationPlatforms) = preSolution
		Debug|Any CPU = Debug|Any CPU
		Release|Any CPU = Release|Any CPU
	EndGlobalSection
	GlobalSection(ProjectConfigurationPlatforms) = postSolution
		{B3893A8B-E0B0-43F9-808E-85781BBE9DFF}.Debug|Any CPU.ActiveCfg = Debug|Any CPU
		{B3893A8B-E0B0-43F9-808E-85781BBE9DFF}.Debug|Any CPU.Build.0 = Debug|Any CPU
		{B3893A8B-E0B0-43F9-808E-85781BBE9DFF}.Release|Any CPU.ActiveCfg = Release|Any CPU
		{B3893A8B-E0B0-43F9-808E-85781BBE9DFF}.Release|Any CPU.Build.0 = Release|Any CPU
	EndGlobalSection
	GlobalSection(SolutionProperties) = preSolution
		HideSolutionNode = FALSE
	EndGlobalSection
	GlobalSection(ExtensibilityGlobals) = postSolution
		SolutionGuid = {4C35083B-1365-4229-9F6A-7D6E61C3AB2A}
	EndGlobalSection
EndGlobal
